
Microsoft Visual Studio Solution File, Format Version 12.00
# Visual Studio 15
VisualStudioVersion = 15.0.28307.779
MinimumVisualStudioVersion = 10.0.40219.1
Project("{9A19103F-16F7-4668-BE54-9A1E7A4F7556}") = "CarRepairWebApi", "CarRepairWebApi\CarRepairWebApi.csproj", "{EFD1D2F1-A0EC-452F-8D7C-A1FCDEDDA5C0}"
EndProject
Project("{9A19103F-16F7-4668-BE54-9A1E7A4F7556}") = "CarRepairService", "CarRepairService\CarRepairService.csproj", "{D8776E69-530C-40BC-A557-5307C570F3E8}"
EndProject
Project("{9A19103F-16F7-4668-BE54-9A1E7A4F7556}") = "CarRepairTests", "CarRepairTests\CarRepairTests.csproj", "{445357A3-082D-4836-8F33-3BC1199CAC20}"
EndProject
Global
	GlobalSection(SolutionConfigurationPlatforms) = preSolution
		Debug|Any CPU = Debug|Any CPU
		Release|Any CPU = Release|Any CPU
	EndGlobalSection
	GlobalSection(ProjectConfigurationPlatforms) = postSolution
		{EFD1D2F1-A0EC-452F-8D7C-A1FCDEDDA5C0}.Debug|Any CPU.ActiveCfg = Debug|Any CPU
		{EFD1D2F1-A0EC-452F-8D7C-A1FCDEDDA5C0}.Debug|Any CPU.Build.0 = Debug|Any CPU
		{EFD1D2F1-A0EC-452F-8D7C-A1FCDEDDA5C0}.Release|Any CPU.ActiveCfg = Release|Any CPU
		{EFD1D2F1-A0EC-452F-8D7C-A1FCDEDDA5C0}.Release|Any CPU.Build.0 = Release|Any CPU
		{D8776E69-530C-40BC-A557-5307C570F3E8}.Debug|Any CPU.ActiveCfg = Debug|Any CPU
		{D8776E69-530C-40BC-A557-5307C570F3E8}.Debug|Any CPU.Build.0 = Debug|Any CPU
		{D8776E69-530C-40BC-A557-5307C570F3E8}.Release|Any CPU.ActiveCfg = Release|Any CPU
		{D8776E69-530C-40BC-A557-5307C570F3E8}.Release|Any CPU.Build.0 = Release|Any CPU
		{445357A3-082D-4836-8F33-3BC1199CAC20}.Debug|Any CPU.ActiveCfg = Debug|Any CPU
		{445357A3-082D-4836-8F33-3BC1199CAC20}.Debug|Any CPU.Build.0 = Debug|Any CPU
		{445357A3-082D-4836-8F33-3BC1199CAC20}.Release|Any CPU.ActiveCfg = Release|Any CPU
		{445357A3-082D-4836-8F33-3BC1199CAC20}.Release|Any CPU.Build.0 = Release|Any CPU
	EndGlobalSection
	GlobalSection(SolutionProperties) = preSolution
		HideSolutionNode = FALSE
	EndGlobalSection
	GlobalSection(ExtensibilityGlobals) = postSolution
		SolutionGuid = {C8ECC0F0-6BA8-4AC2-AAC7-BF76DCE0256E}
	EndGlobalSection
EndGlobal
