
Microsoft Visual Studio Solution File, Format Version 12.00
# Visual Studio Version 16
VisualStudioVersion = 16.0.29613.14
MinimumVisualStudioVersion = 10.0.40219.1
Project("{FAE04EC0-301F-11D3-BF4B-00C04F79EFBC}") = "KingdomOfHeckUI", "KingdomOfHeck\KingdomOfHeckUI.csproj", "{61B8A71D-C052-4E55-8534-4588A12D03E5}"
EndProject
Project("{FAE04EC0-301F-11D3-BF4B-00C04F79EFBC}") = "Engine", "Engine\Engine.csproj", "{16BAD5A1-7582-4D99-B494-27DB6DAB2B63}"
EndProject
Global
	GlobalSection(SolutionConfigurationPlatforms) = preSolution
		Debug|Any CPU = Debug|Any CPU
		Release|Any CPU = Release|Any CPU
	EndGlobalSection
	GlobalSection(ProjectConfigurationPlatforms) = postSolution
		{61B8A71D-C052-4E55-8534-4588A12D03E5}.Debug|Any CPU.ActiveCfg = Debug|Any CPU
		{61B8A71D-C052-4E55-8534-4588A12D03E5}.Debug|Any CPU.Build.0 = Debug|Any CPU
		{61B8A71D-C052-4E55-8534-4588A12D03E5}.Release|Any CPU.ActiveCfg = Release|Any CPU
		{61B8A71D-C052-4E55-8534-4588A12D03E5}.Release|Any CPU.Build.0 = Release|Any CPU
		{16BAD5A1-7582-4D99-B494-27DB6DAB2B63}.Debug|Any CPU.ActiveCfg = Debug|Any CPU
		{16BAD5A1-7582-4D99-B494-27DB6DAB2B63}.Debug|Any CPU.Build.0 = Debug|Any CPU
		{16BAD5A1-7582-4D99-B494-27DB6DAB2B63}.Release|Any CPU.ActiveCfg = Release|Any CPU
		{16BAD5A1-7582-4D99-B494-27DB6DAB2B63}.Release|Any CPU.Build.0 = Release|Any CPU
	EndGlobalSection
	GlobalSection(SolutionProperties) = preSolution
		HideSolutionNode = FALSE
	EndGlobalSection
	GlobalSection(ExtensibilityGlobals) = postSolution
		SolutionGuid = {9B361580-EDE2-4611-9B72-3F1FBE561DC3}
	EndGlobalSection
EndGlobal
