
Microsoft Visual Studio Solution File, Format Version 12.00
# Visual Studio 15
VisualStudioVersion = 15.0.28307.779
MinimumVisualStudioVersion = 10.0.40219.1
Project("{9A19103F-16F7-4668-BE54-9A1E7A4F7556}") = "HomeBrewCalculators", "ConsoleApp3\HomeBrewCalculators.csproj", "{837D0797-8862-41B3-A73F-8BDC5DDCF216}"
EndProject
Project("{FAE04EC0-301F-11D3-BF4B-00C04F79EFBC}") = "HomeBrew", "HomeBrew\HomeBrew.csproj", "{76EC2734-4772-4CE0-9B74-1A20F8C65140}"
EndProject
Project("{FAE04EC0-301F-11D3-BF4B-00C04F79EFBC}") = "HomeBrewCLI", "HomeBrewCLI\HomeBrewCLI.csproj", "{DD2DAAE4-2E72-440F-AD54-116AEB9F9EBC}"
EndProject
Project("{FAE04EC0-301F-11D3-BF4B-00C04F79EFBC}") = "HomeBrewTest", "HomeBrewTest\HomeBrewTest.csproj", "{926AA492-07FB-4BC6-9308-55F7ED38D5C9}"
EndProject
Global
	GlobalSection(SolutionConfigurationPlatforms) = preSolution
		Debug|Any CPU = Debug|Any CPU
		Release|Any CPU = Release|Any CPU
	EndGlobalSection
	GlobalSection(ProjectConfigurationPlatforms) = postSolution
		{837D0797-8862-41B3-A73F-8BDC5DDCF216}.Debug|Any CPU.ActiveCfg = Debug|Any CPU
		{837D0797-8862-41B3-A73F-8BDC5DDCF216}.Debug|Any CPU.Build.0 = Debug|Any CPU
		{837D0797-8862-41B3-A73F-8BDC5DDCF216}.Release|Any CPU.ActiveCfg = Release|Any CPU
		{837D0797-8862-41B3-A73F-8BDC5DDCF216}.Release|Any CPU.Build.0 = Release|Any CPU
		{76EC2734-4772-4CE0-9B74-1A20F8C65140}.Debug|Any CPU.ActiveCfg = Debug|Any CPU
		{76EC2734-4772-4CE0-9B74-1A20F8C65140}.Debug|Any CPU.Build.0 = Debug|Any CPU
		{76EC2734-4772-4CE0-9B74-1A20F8C65140}.Release|Any CPU.ActiveCfg = Release|Any CPU
		{76EC2734-4772-4CE0-9B74-1A20F8C65140}.Release|Any CPU.Build.0 = Release|Any CPU
		{DD2DAAE4-2E72-440F-AD54-116AEB9F9EBC}.Debug|Any CPU.ActiveCfg = Debug|Any CPU
		{DD2DAAE4-2E72-440F-AD54-116AEB9F9EBC}.Debug|Any CPU.Build.0 = Debug|Any CPU
		{DD2DAAE4-2E72-440F-AD54-116AEB9F9EBC}.Release|Any CPU.ActiveCfg = Release|Any CPU
		{DD2DAAE4-2E72-440F-AD54-116AEB9F9EBC}.Release|Any CPU.Build.0 = Release|Any CPU
		{926AA492-07FB-4BC6-9308-55F7ED38D5C9}.Debug|Any CPU.ActiveCfg = Debug|Any CPU
		{926AA492-07FB-4BC6-9308-55F7ED38D5C9}.Debug|Any CPU.Build.0 = Debug|Any CPU
		{926AA492-07FB-4BC6-9308-55F7ED38D5C9}.Release|Any CPU.ActiveCfg = Release|Any CPU
		{926AA492-07FB-4BC6-9308-55F7ED38D5C9}.Release|Any CPU.Build.0 = Release|Any CPU
	EndGlobalSection
	GlobalSection(SolutionProperties) = preSolution
		HideSolutionNode = FALSE
	EndGlobalSection
	GlobalSection(ExtensibilityGlobals) = postSolution
		SolutionGuid = {09056EA1-3456-4D71-A240-992696E768F7}
	EndGlobalSection
EndGlobal
